
Microsoft Visual Studio Solution File, Format Version 12.00
# Visual Studio Version 16
VisualStudioVersion = 16.0.29709.97
MinimumVisualStudioVersion = 10.0.40219.1
Project("{FAE04EC0-301F-11D3-BF4B-00C04F79EFBC}") = "ProductApi", "ProductApi\ProductApi.csproj", "{68E234E2-4756-461D-87F4-67628C885A7E}"
EndProject
Project("{FAE04EC0-301F-11D3-BF4B-00C04F79EFBC}") = "ProductMVC", "ProductMVC\ProductMVC.csproj", "{5230269E-D145-4401-963C-629FBD993FEF}"
EndProject
Global
	GlobalSection(SolutionConfigurationPlatforms) = preSolution
		Debug|Any CPU = Debug|Any CPU
		Release|Any CPU = Release|Any CPU
	EndGlobalSection
	GlobalSection(ProjectConfigurationPlatforms) = postSolution
		{68E234E2-4756-461D-87F4-67628C885A7E}.Debug|Any CPU.ActiveCfg = Debug|Any CPU
		{68E234E2-4756-461D-87F4-67628C885A7E}.Debug|Any CPU.Build.0 = Debug|Any CPU
		{68E234E2-4756-461D-87F4-67628C885A7E}.Release|Any CPU.ActiveCfg = Release|Any CPU
		{68E234E2-4756-461D-87F4-67628C885A7E}.Release|Any CPU.Build.0 = Release|Any CPU
		{5230269E-D145-4401-963C-629FBD993FEF}.Debug|Any CPU.ActiveCfg = Debug|Any CPU
		{5230269E-D145-4401-963C-629FBD993FEF}.Debug|Any CPU.Build.0 = Debug|Any CPU
		{5230269E-D145-4401-963C-629FBD993FEF}.Release|Any CPU.ActiveCfg = Release|Any CPU
		{5230269E-D145-4401-963C-629FBD993FEF}.Release|Any CPU.Build.0 = Release|Any CPU
	EndGlobalSection
	GlobalSection(SolutionProperties) = preSolution
		HideSolutionNode = FALSE
	EndGlobalSection
	GlobalSection(ExtensibilityGlobals) = postSolution
		SolutionGuid = {E5D491F0-164D-43C9-82E5-3432347006C2}
	EndGlobalSection
EndGlobal
