
Microsoft Visual Studio Solution File, Format Version 12.00
# Visual Studio Version 16
VisualStudioVersion = 16.0.29709.97
MinimumVisualStudioVersion = 10.0.40219.1
Project("{FAE04EC0-301F-11D3-BF4B-00C04F79EFBC}") = "Garbage_Class", "Garbage_Class\Garbage_Class.csproj", "{B79E627C-FC56-4EE1-91DE-D09AADDACF4B}"
EndProject
Global
	GlobalSection(SolutionConfigurationPlatforms) = preSolution
		Debug|Any CPU = Debug|Any CPU
		Release|Any CPU = Release|Any CPU
	EndGlobalSection
	GlobalSection(ProjectConfigurationPlatforms) = postSolution
		{B79E627C-FC56-4EE1-91DE-D09AADDACF4B}.Debug|Any CPU.ActiveCfg = Debug|Any CPU
		{B79E627C-FC56-4EE1-91DE-D09AADDACF4B}.Debug|Any CPU.Build.0 = Debug|Any CPU
		{B79E627C-FC56-4EE1-91DE-D09AADDACF4B}.Release|Any CPU.ActiveCfg = Release|Any CPU
		{B79E627C-FC56-4EE1-91DE-D09AADDACF4B}.Release|Any CPU.Build.0 = Release|Any CPU
	EndGlobalSection
	GlobalSection(SolutionProperties) = preSolution
		HideSolutionNode = FALSE
	EndGlobalSection
	GlobalSection(ExtensibilityGlobals) = postSolution
		SolutionGuid = {8ABE566D-060C-47DC-A0B8-CF361A3BBC49}
	EndGlobalSection
EndGlobal
