
Microsoft Visual Studio Solution File, Format Version 12.00
# Visual Studio Version 16
VisualStudioVersion = 16.0.29709.97
MinimumVisualStudioVersion = 10.0.40219.1
Project("{FAE04EC0-301F-11D3-BF4B-00C04F79EFBC}") = "Customer1MVC", "Customer1MVC\Customer1MVC.csproj", "{12661046-4CF2-441C-99C9-4114DAEF567D}"
EndProject
Global
	GlobalSection(SolutionConfigurationPlatforms) = preSolution
		Debug|Any CPU = Debug|Any CPU
		Release|Any CPU = Release|Any CPU
	EndGlobalSection
	GlobalSection(ProjectConfigurationPlatforms) = postSolution
		{12661046-4CF2-441C-99C9-4114DAEF567D}.Debug|Any CPU.ActiveCfg = Debug|Any CPU
		{12661046-4CF2-441C-99C9-4114DAEF567D}.Debug|Any CPU.Build.0 = Debug|Any CPU
		{12661046-4CF2-441C-99C9-4114DAEF567D}.Release|Any CPU.ActiveCfg = Release|Any CPU
		{12661046-4CF2-441C-99C9-4114DAEF567D}.Release|Any CPU.Build.0 = Release|Any CPU
	EndGlobalSection
	GlobalSection(SolutionProperties) = preSolution
		HideSolutionNode = FALSE
	EndGlobalSection
	GlobalSection(ExtensibilityGlobals) = postSolution
		SolutionGuid = {50A87C8C-1B2D-4D4D-8ACD-3BDBDBBE4572}
	EndGlobalSection
EndGlobal
